<?xml version="1.0" encoding="utf-8"?>
<Project ToolsVersion="4.0" xmlns="http://schemas.microsoft.com/developer/msbuild/2003">
  <ItemGroup>
    <Filter Include="Source Files">
      <UniqueIdentifier>{4FC737F1-C7A5-4376-A066-2A32D752A2FF}</UniqueIdentifier>
      <Extensions>cpp;c;cc;cxx;def;odl;idl;hpj;bat;asm;asmx</Extensions>
    </Filter>
    <Filter Include="Header Files">
      <UniqueIdentifier>{93995380-89BD-4b04-88EB-625FBE52EBFB}</UniqueIdentifier>
      <Extensions>h;hh;hpp;hxx;hm;inl;inc;xsd</Extensions>
    </Filter>
    <Filter Include="Resource Files">
      <UniqueIdentifier>{67DA6AB6-F800-4c08-8B7A-83BB121AAD01}</UniqueIdentifier>
      <Extensions>rc;ico;cur;bmp;dlg;rc2;rct;bin;rgs;gif;jpg;jpeg;jpe;resx;tiff;tif;png;wav;mfcribbon-ms</Extensions>
    </Filter>
  </ItemGroup>
  <ItemGroup>
    <ClInclude Include="Windows\SDLPlatform.h">
      <Filter>Source Files</Filter>
    </ClInclude>
    <ClInclude Include="Wolf\Actor.h">
      <Filter>Header Files</Filter>
    </ClInclude>
    <ClInclude Include="Wolf\Defines.h">
      <Filter>Header Files</Filter>
    </ClInclude>
    <ClInclude Include="Wolf\Engine.h">
      <Filter>Header Files</Filter>
    </ClInclude>
    <ClInclude Include="Wolf\FixedMath.h">
      <Filter>Header Files</Filter>
    </ClInclude>
    <ClInclude Include="Wolf\Map.h">
      <Filter>Header Files</Filter>
    </ClInclude>
    <ClInclude Include="Wolf\Menu.h">
      <Filter>Header Files</Filter>
    </ClInclude>
    <ClInclude Include="Wolf\Platform.h">
      <Filter>Header Files</Filter>
    </ClInclude>
    <ClInclude Include="Wolf\Player.h">
      <Filter>Header Files</Filter>
    </ClInclude>
    <ClInclude Include="Wolf\Renderer.h">
      <Filter>Header Files</Filter>
    </ClInclude>
    <ClInclude Include="Wolf\Sounds.h">
      <Filter>Header Files</Filter>
    </ClInclude>
    <ClInclude Include="Wolf\SpriteFrame.h">
      <Filter>Header Files</Filter>
    </ClInclude>
    <ClInclude Include="Wolf\TileTypes.h">
      <Filter>Header Files</Filter>
    </ClInclude>
    <ClInclude Include="Wolf\TrigLUT.h">
      <Filter>Header Files</Filter>
    </ClInclude>
    <ClInclude Include="Wolf\Vector2.h">
      <Filter>Header Files</Filter>
    </ClInclude>
    <ClInclude Include="Wolf\Save.h">
      <Filter>Header Files</Filter>
    </ClInclude>
  </ItemGroup>
  <ItemGroup>
    <ClCompile Include="Windows\SDLPlatform.cpp">
      <Filter>Source Files</Filter>
    </ClCompile>
    <ClCompile Include="Wolf\Actor.cpp">
      <Filter>Source Files</Filter>
    </ClCompile>
    <ClCompile Include="Wolf\Engine.cpp">
      <Filter>Source Files</Filter>
    </ClCompile>
    <ClCompile Include="Wolf\FixedMath.cpp">
      <Filter>Source Files</Filter>
    </ClCompile>
    <ClCompile Include="Wolf\Map.cpp">
      <Filter>Source Files</Filter>
    </ClCompile>
    <ClCompile Include="Wolf\Menu.cpp">
      <Filter>Source Files</Filter>
    </ClCompile>
    <ClCompile Include="Wolf\Player.cpp">
      <Filter>Source Files</Filter>
    </ClCompile>
    <ClCompile Include="Wolf\Renderer.cpp">
      <Filter>Source Files</Filter>
    </ClCompile>
    <ClCompile Include="Windows\lodepng.cpp">
      <Filter>Source Files</Filter>
    </ClCompile>
    <ClCompile Include="Wolf\Save.cpp">
      <Filter>Source Files</Filter>
    </ClCompile>
  </ItemGroup>
</Project>