version = 1
revision = 3
requires-python = ">=3.14"

[[package]]
name = "cbor2"
version = "5.9.0"
source = { registry = "https://pypi.org/simple" }
sdist = { url = "https://files.pythonhosted.org/packages/bd/cb/09939728be094d155b5d4ac262e39877875f5f7e36eea66beb359f647bd0/cbor2-5.9.0.tar.gz", hash = "sha256:85c7a46279ac8f226e1059275221e6b3d0e370d2bb6bd0500f9780781615bcea", size = 111231, upload-time = "2026-03-22T15:56:50.638Z" }
wheels = [
    { url = "https://files.pythonhosted.org/packages/08/7d/9ccc36d10ef96e6038e48046ebe1ce35a1e7814da0e1e204d09e6ef09b8d/cbor2-5.9.0-cp314-cp314-macosx_11_0_arm64.whl", hash = "sha256:23606d31ba1368bd1b6602e3020ee88fe9523ca80e8630faf6b2fc904fd84560", size = 71500, upload-time = "2026-03-22T15:56:31.876Z" },
    { url = "https://files.pythonhosted.org/packages/70/e1/a6cca2cc72e13f00030c6a649f57ae703eb2c620806ab70c40db8eab33fa/cbor2-5.9.0-cp314-cp314-manylinux2014_aarch64.manylinux_2_17_aarch64.manylinux_2_28_aarch64.whl", hash = "sha256:0322296b9d52f55880e300ba8ba09ecf644303b99b51138bbb1c0fb644fa7c3e", size = 286953, upload-time = "2026-03-22T15:56:33.292Z" },
    { url = "https://files.pythonhosted.org/packages/08/3c/24cd5ef488a957d90e016f200a3aad820e4c2f85edd61c9fe4523007a1ee/cbor2-5.9.0-cp314-cp314-manylinux2014_x86_64.manylinux_2_17_x86_64.manylinux_2_28_x86_64.whl", hash = "sha256:422817286c1d0ce947fb2f7eca9212b39bddd7231e8b452e2d2cc52f15332dba", size = 285454, upload-time = "2026-03-22T15:56:34.703Z" },
    { url = "https://files.pythonhosted.org/packages/a4/35/dca96818494c0ba47cdd73e8d809b27fa91f8fa0ce32a068a09237687454/cbor2-5.9.0-cp314-cp314-musllinux_1_2_aarch64.whl", hash = "sha256:9a4907e0c3035bb8836116854ed8e56d8aef23909d601fa59706320897ec2551", size = 279441, upload-time = "2026-03-22T15:56:35.888Z" },
    { url = "https://files.pythonhosted.org/packages/a4/44/d3362378b16e53cf7e535a3f5aed8476e2109068154e24e31981ef5bde9e/cbor2-5.9.0-cp314-cp314-musllinux_1_2_x86_64.whl", hash = "sha256:fb7afe77f8d269e42d7c4b515c6fd14f1ccc0625379fb6829b269f493d16eddd", size = 279673, upload-time = "2026-03-22T15:56:37.08Z" },
    { url = "https://files.pythonhosted.org/packages/43/d1/3533a697e5842fff7c2f64912eb251f8dcab3a8b5d88e228d6eebc3b5021/cbor2-5.9.0-cp314-cp314-win_amd64.whl", hash = "sha256:86baf870d4c0bfc6f79de3801f3860a84ab76d9c8b0abb7f081f2c14c38d79d3", size = 71940, upload-time = "2026-03-22T15:56:38.366Z" },
    { url = "https://files.pythonhosted.org/packages/ff/e2/c6ba75f3fb25dfa15ab6999cc8709c821987e9ed8e375d7f58539261bcb9/cbor2-5.9.0-cp314-cp314-win_arm64.whl", hash = "sha256:7221483fad0c63afa4244624d552abf89d7dfdbc5f5edfc56fc1ff2b4b818975", size = 67639, upload-time = "2026-03-22T15:56:39.39Z" },
    { url = "https://files.pythonhosted.org/packages/42/ff/b83492b096fbef26e9cb62c1a4bf2d3cef579ea7b33138c6c37c4ae66f67/cbor2-5.9.0-py3-none-any.whl", hash = "sha256:27695cbd70c90b8de5c4a284642c2836449b14e2c2e07e3ffe0744cb7669a01b", size = 24627, upload-time = "2026-03-22T15:56:48.847Z" },
]

[[package]]
name = "cffi"
version = "2.0.0"
source = { registry = "https://pypi.org/simple" }
dependencies = [
    { name = "pycparser", marker = "implementation_name != 'PyPy'" },
]
sdist = { url = "https://files.pythonhosted.org/packages/eb/56/b1ba7935a17738ae8453301356628e8147c79dbb825bcbc73dc7401f9846/cffi-2.0.0.tar.gz", hash = "sha256:44d1b5909021139fe36001ae048dbdde8214afa20200eda0f64c068cac5d5529", size = 523588, upload-time = "2025-09-08T23:24:04.541Z" }
wheels = [
    { url = "https://files.pythonhosted.org/packages/92/c4/3ce07396253a83250ee98564f8d7e9789fab8e58858f35d07a9a2c78de9f/cffi-2.0.0-cp314-cp314-macosx_10_13_x86_64.whl", hash = "sha256:fc33c5141b55ed366cfaad382df24fe7dcbc686de5be719b207bb248e3053dc5", size = 185320, upload-time = "2025-09-08T23:23:18.087Z" },
    { url = "https://files.pythonhosted.org/packages/59/dd/27e9fa567a23931c838c6b02d0764611c62290062a6d4e8ff7863daf9730/cffi-2.0.0-cp314-cp314-macosx_11_0_arm64.whl", hash = "sha256:c654de545946e0db659b3400168c9ad31b5d29593291482c43e3564effbcee13", size = 181487, upload-time = "2025-09-08T23:23:19.622Z" },
    { url = "https://files.pythonhosted.org/packages/d6/43/0e822876f87ea8a4ef95442c3d766a06a51fc5298823f884ef87aaad168c/cffi-2.0.0-cp314-cp314-manylinux2014_aarch64.manylinux_2_17_aarch64.whl", hash = "sha256:24b6f81f1983e6df8db3adc38562c83f7d4a0c36162885ec7f7b77c7dcbec97b", size = 220049, upload-time = "2025-09-08T23:23:20.853Z" },
    { url = "https://files.pythonhosted.org/packages/b4/89/76799151d9c2d2d1ead63c2429da9ea9d7aac304603de0c6e8764e6e8e70/cffi-2.0.0-cp314-cp314-manylinux2014_ppc64le.manylinux_2_17_ppc64le.whl", hash = "sha256:12873ca6cb9b0f0d3a0da705d6086fe911591737a59f28b7936bdfed27c0d47c", size = 207793, upload-time = "2025-09-08T23:23:22.08Z" },
    { url = "https://files.pythonhosted.org/packages/bb/dd/3465b14bb9e24ee24cb88c9e3730f6de63111fffe513492bf8c808a3547e/cffi-2.0.0-cp314-cp314-manylinux2014_s390x.manylinux_2_17_s390x.whl", hash = "sha256:d9b97165e8aed9272a6bb17c01e3cc5871a594a446ebedc996e2397a1c1ea8ef", size = 206300, upload-time = "2025-09-08T23:23:23.314Z" },
    { url = "https://files.pythonhosted.org/packages/47/d9/d83e293854571c877a92da46fdec39158f8d7e68da75bf73581225d28e90/cffi-2.0.0-cp314-cp314-manylinux2014_x86_64.manylinux_2_17_x86_64.whl", hash = "sha256:afb8db5439b81cf9c9d0c80404b60c3cc9c3add93e114dcae767f1477cb53775", size = 219244, upload-time = "2025-09-08T23:23:24.541Z" },
    { url = "https://files.pythonhosted.org/packages/2b/0f/1f177e3683aead2bb00f7679a16451d302c436b5cbf2505f0ea8146ef59e/cffi-2.0.0-cp314-cp314-musllinux_1_2_aarch64.whl", hash = "sha256:737fe7d37e1a1bffe70bd5754ea763a62a066dc5913ca57e957824b72a85e205", size = 222828, upload-time = "2025-09-08T23:23:26.143Z" },
    { url = "https://files.pythonhosted.org/packages/c6/0f/cafacebd4b040e3119dcb32fed8bdef8dfe94da653155f9d0b9dc660166e/cffi-2.0.0-cp314-cp314-musllinux_1_2_x86_64.whl", hash = "sha256:38100abb9d1b1435bc4cc340bb4489635dc2f0da7456590877030c9b3d40b0c1", size = 220926, upload-time = "2025-09-08T23:23:27.873Z" },
    { url = "https://files.pythonhosted.org/packages/3e/aa/df335faa45b395396fcbc03de2dfcab242cd61a9900e914fe682a59170b1/cffi-2.0.0-cp314-cp314-win32.whl", hash = "sha256:087067fa8953339c723661eda6b54bc98c5625757ea62e95eb4898ad5e776e9f", size = 175328, upload-time = "2025-09-08T23:23:44.61Z" },
    { url = "https://files.pythonhosted.org/packages/bb/92/882c2d30831744296ce713f0feb4c1cd30f346ef747b530b5318715cc367/cffi-2.0.0-cp314-cp314-win_amd64.whl", hash = "sha256:203a48d1fb583fc7d78a4c6655692963b860a417c0528492a6bc21f1aaefab25", size = 185650, upload-time = "2025-09-08T23:23:45.848Z" },
    { url = "https://files.pythonhosted.org/packages/9f/2c/98ece204b9d35a7366b5b2c6539c350313ca13932143e79dc133ba757104/cffi-2.0.0-cp314-cp314-win_arm64.whl", hash = "sha256:dbd5c7a25a7cb98f5ca55d258b103a2054f859a46ae11aaf23134f9cc0d356ad", size = 180687, upload-time = "2025-09-08T23:23:47.105Z" },
    { url = "https://files.pythonhosted.org/packages/3e/61/c768e4d548bfa607abcda77423448df8c471f25dbe64fb2ef6d555eae006/cffi-2.0.0-cp314-cp314t-macosx_10_13_x86_64.whl", hash = "sha256:9a67fc9e8eb39039280526379fb3a70023d77caec1852002b4da7e8b270c4dd9", size = 188773, upload-time = "2025-09-08T23:23:29.347Z" },
    { url = "https://files.pythonhosted.org/packages/2c/ea/5f76bce7cf6fcd0ab1a1058b5af899bfbef198bea4d5686da88471ea0336/cffi-2.0.0-cp314-cp314t-macosx_11_0_arm64.whl", hash = "sha256:7a66c7204d8869299919db4d5069a82f1561581af12b11b3c9f48c584eb8743d", size = 185013, upload-time = "2025-09-08T23:23:30.63Z" },
    { url = "https://files.pythonhosted.org/packages/be/b4/c56878d0d1755cf9caa54ba71e5d049479c52f9e4afc230f06822162ab2f/cffi-2.0.0-cp314-cp314t-manylinux2014_aarch64.manylinux_2_17_aarch64.whl", hash = "sha256:7cc09976e8b56f8cebd752f7113ad07752461f48a58cbba644139015ac24954c", size = 221593, upload-time = "2025-09-08T23:23:31.91Z" },
    { url = "https://files.pythonhosted.org/packages/e0/0d/eb704606dfe8033e7128df5e90fee946bbcb64a04fcdaa97321309004000/cffi-2.0.0-cp314-cp314t-manylinux2014_ppc64le.manylinux_2_17_ppc64le.whl", hash = "sha256:92b68146a71df78564e4ef48af17551a5ddd142e5190cdf2c5624d0c3ff5b2e8", size = 209354, upload-time = "2025-09-08T23:23:33.214Z" },
    { url = "https://files.pythonhosted.org/packages/d8/19/3c435d727b368ca475fb8742ab97c9cb13a0de600ce86f62eab7fa3eea60/cffi-2.0.0-cp314-cp314t-manylinux2014_s390x.manylinux_2_17_s390x.whl", hash = "sha256:b1e74d11748e7e98e2f426ab176d4ed720a64412b6a15054378afdb71e0f37dc", size = 208480, upload-time = "2025-09-08T23:23:34.495Z" },
    { url = "https://files.pythonhosted.org/packages/d0/44/681604464ed9541673e486521497406fadcc15b5217c3e326b061696899a/cffi-2.0.0-cp314-cp314t-manylinux2014_x86_64.manylinux_2_17_x86_64.whl", hash = "sha256:28a3a209b96630bca57cce802da70c266eb08c6e97e5afd61a75611ee6c64592", size = 221584, upload-time = "2025-09-08T23:23:36.096Z" },
    { url = "https://files.pythonhosted.org/packages/25/8e/342a504ff018a2825d395d44d63a767dd8ebc927ebda557fecdaca3ac33a/cffi-2.0.0-cp314-cp314t-musllinux_1_2_aarch64.whl", hash = "sha256:7553fb2090d71822f02c629afe6042c299edf91ba1bf94951165613553984512", size = 224443, upload-time = "2025-09-08T23:23:37.328Z" },
    { url = "https://files.pythonhosted.org/packages/e1/5e/b666bacbbc60fbf415ba9988324a132c9a7a0448a9a8f125074671c0f2c3/cffi-2.0.0-cp314-cp314t-musllinux_1_2_x86_64.whl", hash = "sha256:6c6c373cfc5c83a975506110d17457138c8c63016b563cc9ed6e056a82f13ce4", size = 223437, upload-time = "2025-09-08T23:23:38.945Z" },
    { url = "https://files.pythonhosted.org/packages/a0/1d/ec1a60bd1a10daa292d3cd6bb0b359a81607154fb8165f3ec95fe003b85c/cffi-2.0.0-cp314-cp314t-win32.whl", hash = "sha256:1fc9ea04857caf665289b7a75923f2c6ed559b8298a1b8c49e59f7dd95c8481e", size = 180487, upload-time = "2025-09-08T23:23:40.423Z" },
    { url = "https://files.pythonhosted.org/packages/bf/41/4c1168c74fac325c0c8156f04b6749c8b6a8f405bbf91413ba088359f60d/cffi-2.0.0-cp314-cp314t-win_amd64.whl", hash = "sha256:d68b6cef7827e8641e8ef16f4494edda8b36104d79773a334beaa1e3521430f6", size = 191726, upload-time = "2025-09-08T23:23:41.742Z" },
    { url = "https://files.pythonhosted.org/packages/ae/3a/dbeec9d1ee0844c679f6bb5d6ad4e9f198b1224f4e7a32825f47f6192b0c/cffi-2.0.0-cp314-cp314t-win_arm64.whl", hash = "sha256:0a1527a803f0a659de1af2e1fd700213caba79377e27e4693648c2923da066f9", size = 184195, upload-time = "2025-09-08T23:23:43.004Z" },
]

[[package]]
name = "cryptography"
version = "46.0.7"
source = { registry = "https://pypi.org/simple" }
dependencies = [
    { name = "cffi", marker = "platform_python_implementation != 'PyPy'" },
]
sdist = { url = "https://files.pythonhosted.org/packages/47/93/ac8f3d5ff04d54bc814e961a43ae5b0b146154c89c61b47bb07557679b18/cryptography-46.0.7.tar.gz", hash = "sha256:e4cfd68c5f3e0bfdad0d38e023239b96a2fe84146481852dffbcca442c245aa5", size = 750652, upload-time = "2026-04-08T01:57:54.692Z" }
wheels = [
    { url = "https://files.pythonhosted.org/packages/0b/5d/4a8f770695d73be252331e60e526291e3df0c9b27556a90a6b47bccca4c2/cryptography-46.0.7-cp311-abi3-macosx_10_9_universal2.whl", hash = "sha256:ea42cbe97209df307fdc3b155f1b6fa2577c0defa8f1f7d3be7d31d189108ad4", size = 7179869, upload-time = "2026-04-08T01:56:17.157Z" },
    { url = "https://files.pythonhosted.org/packages/5f/45/6d80dc379b0bbc1f9d1e429f42e4cb9e1d319c7a8201beffd967c516ea01/cryptography-46.0.7-cp311-abi3-manylinux2014_aarch64.manylinux_2_17_aarch64.whl", hash = "sha256:b36a4695e29fe69215d75960b22577197aca3f7a25b9cf9d165dcfe9d80bc325", size = 4275492, upload-time = "2026-04-08T01:56:19.36Z" },
    { url = "https://files.pythonhosted.org/packages/4a/9a/1765afe9f572e239c3469f2cb429f3ba7b31878c893b246b4b2994ffe2fe/cryptography-46.0.7-cp311-abi3-manylinux2014_x86_64.manylinux_2_17_x86_64.whl", hash = "sha256:5ad9ef796328c5e3c4ceed237a183f5d41d21150f972455a9d926593a1dcb308", size = 4426670, upload-time = "2026-04-08T01:56:21.415Z" },
    { url = "https://files.pythonhosted.org/packages/8f/3e/af9246aaf23cd4ee060699adab1e47ced3f5f7e7a8ffdd339f817b446462/cryptography-46.0.7-cp311-abi3-manylinux_2_28_aarch64.whl", hash = "sha256:73510b83623e080a2c35c62c15298096e2a5dc8d51c3b4e1740211839d0dea77", size = 4280275, upload-time = "2026-04-08T01:56:23.539Z" },
    { url = "https://files.pythonhosted.org/packages/0f/54/6bbbfc5efe86f9d71041827b793c24811a017c6ac0fd12883e4caa86b8ed/cryptography-46.0.7-cp311-abi3-manylinux_2_28_ppc64le.whl", hash = "sha256:cbd5fb06b62bd0721e1170273d3f4d5a277044c47ca27ee257025146c34cbdd1", size = 4928402, upload-time = "2026-04-08T01:56:25.624Z" },
    { url = "https://files.pythonhosted.org/packages/2d/cf/054b9d8220f81509939599c8bdbc0c408dbd2bdd41688616a20731371fe0/cryptography-46.0.7-cp311-abi3-manylinux_2_28_x86_64.whl", hash = "sha256:420b1e4109cc95f0e5700eed79908cef9268265c773d3a66f7af1eef53d409ef", size = 4459985, upload-time = "2026-04-08T01:56:27.309Z" },
    { url = "https://files.pythonhosted.org/packages/f9/46/4e4e9c6040fb01c7467d47217d2f882daddeb8828f7df800cb806d8a2288/cryptography-46.0.7-cp311-abi3-manylinux_2_31_armv7l.whl", hash = "sha256:24402210aa54baae71d99441d15bb5a1919c195398a87b563df84468160a65de", size = 3990652, upload-time = "2026-04-08T01:56:29.095Z" },
    { url = "https://files.pythonhosted.org/packages/36/5f/313586c3be5a2fbe87e4c9a254207b860155a8e1f3cca99f9910008e7d08/cryptography-46.0.7-cp311-abi3-manylinux_2_34_aarch64.whl", hash = "sha256:8a469028a86f12eb7d2fe97162d0634026d92a21f3ae0ac87ed1c4a447886c83", size = 4279805, upload-time = "2026-04-08T01:56:30.928Z" },
    { url = "https://files.pythonhosted.org/packages/69/33/60dfc4595f334a2082749673386a4d05e4f0cf4df8248e63b2c3437585f2/cryptography-46.0.7-cp311-abi3-manylinux_2_34_ppc64le.whl", hash = "sha256:9694078c5d44c157ef3162e3bf3946510b857df5a3955458381d1c7cfc143ddb", size = 4892883, upload-time = "2026-04-08T01:56:32.614Z" },
    { url = "https://files.pythonhosted.org/packages/c7/0b/333ddab4270c4f5b972f980adef4faa66951a4aaf646ca067af597f15563/cryptography-46.0.7-cp311-abi3-manylinux_2_34_x86_64.whl", hash = "sha256:42a1e5f98abb6391717978baf9f90dc28a743b7d9be7f0751a6f56a75d14065b", size = 4459756, upload-time = "2026-04-08T01:56:34.306Z" },
    { url = "https://files.pythonhosted.org/packages/d2/14/633913398b43b75f1234834170947957c6b623d1701ffc7a9600da907e89/cryptography-46.0.7-cp311-abi3-musllinux_1_2_aarch64.whl", hash = "sha256:91bbcb08347344f810cbe49065914fe048949648f6bd5c2519f34619142bbe85", size = 4410244, upload-time = "2026-04-08T01:56:35.977Z" },
    { url = "https://files.pythonhosted.org/packages/10/f2/19ceb3b3dc14009373432af0c13f46aa08e3ce334ec6eff13492e1812ccd/cryptography-46.0.7-cp311-abi3-musllinux_1_2_x86_64.whl", hash = "sha256:5d1c02a14ceb9148cc7816249f64f623fbfee39e8c03b3650d842ad3f34d637e", size = 4674868, upload-time = "2026-04-08T01:56:38.034Z" },
    { url = "https://files.pythonhosted.org/packages/1a/bb/a5c213c19ee94b15dfccc48f363738633a493812687f5567addbcbba9f6f/cryptography-46.0.7-cp311-abi3-win32.whl", hash = "sha256:d23c8ca48e44ee015cd0a54aeccdf9f09004eba9fc96f38c911011d9ff1bd457", size = 3026504, upload-time = "2026-04-08T01:56:39.666Z" },
    { url = "https://files.pythonhosted.org/packages/2b/02/7788f9fefa1d060ca68717c3901ae7fffa21ee087a90b7f23c7a603c32ae/cryptography-46.0.7-cp311-abi3-win_amd64.whl", hash = "sha256:397655da831414d165029da9bc483bed2fe0e75dde6a1523ec2fe63f3c46046b", size = 3488363, upload-time = "2026-04-08T01:56:41.893Z" },
    { url = "https://files.pythonhosted.org/packages/7b/56/15619b210e689c5403bb0540e4cb7dbf11a6bf42e483b7644e471a2812b3/cryptography-46.0.7-cp314-cp314t-macosx_10_9_universal2.whl", hash = "sha256:d151173275e1728cf7839aaa80c34fe550c04ddb27b34f48c232193df8db5842", size = 7119671, upload-time = "2026-04-08T01:56:44Z" },
    { url = "https://files.pythonhosted.org/packages/74/66/e3ce040721b0b5599e175ba91ab08884c75928fbeb74597dd10ef13505d2/cryptography-46.0.7-cp314-cp314t-manylinux2014_aarch64.manylinux_2_17_aarch64.whl", hash = "sha256:db0f493b9181c7820c8134437eb8b0b4792085d37dbb24da050476ccb664e59c", size = 4268551, upload-time = "2026-04-08T01:56:46.071Z" },
    { url = "https://files.pythonhosted.org/packages/03/11/5e395f961d6868269835dee1bafec6a1ac176505a167f68b7d8818431068/cryptography-46.0.7-cp314-cp314t-manylinux2014_x86_64.manylinux_2_17_x86_64.whl", hash = "sha256:ebd6daf519b9f189f85c479427bbd6e9c9037862cf8fe89ee35503bd209ed902", size = 4408887, upload-time = "2026-04-08T01:56:47.718Z" },
    { url = "https://files.pythonhosted.org/packages/40/53/8ed1cf4c3b9c8e611e7122fb56f1c32d09e1fff0f1d77e78d9ff7c82653e/cryptography-46.0.7-cp314-cp314t-manylinux_2_28_aarch64.whl", hash = "sha256:b7b412817be92117ec5ed95f880defe9cf18a832e8cafacf0a22337dc1981b4d", size = 4271354, upload-time = "2026-04-08T01:56:49.312Z" },
    { url = "https://files.pythonhosted.org/packages/50/46/cf71e26025c2e767c5609162c866a78e8a2915bbcfa408b7ca495c6140c4/cryptography-46.0.7-cp314-cp314t-manylinux_2_28_ppc64le.whl", hash = "sha256:fbfd0e5f273877695cb93baf14b185f4878128b250cc9f8e617ea0c025dfb022", size = 4905845, upload-time = "2026-04-08T01:56:50.916Z" },
    { url = "https://files.pythonhosted.org/packages/c0/ea/01276740375bac6249d0a971ebdf6b4dc9ead0ee0a34ef3b5a88c1a9b0d4/cryptography-46.0.7-cp314-cp314t-manylinux_2_28_x86_64.whl", hash = "sha256:ffca7aa1d00cf7d6469b988c581598f2259e46215e0140af408966a24cf086ce", size = 4444641, upload-time = "2026-04-08T01:56:52.882Z" },
    { url = "https://files.pythonhosted.org/packages/3d/4c/7d258f169ae71230f25d9f3d06caabcff8c3baf0978e2b7d65e0acac3827/cryptography-46.0.7-cp314-cp314t-manylinux_2_31_armv7l.whl", hash = "sha256:60627cf07e0d9274338521205899337c5d18249db56865f943cbe753aa96f40f", size = 3967749, upload-time = "2026-04-08T01:56:54.597Z" },
    { url = "https://files.pythonhosted.org/packages/b5/2a/2ea0767cad19e71b3530e4cad9605d0b5e338b6a1e72c37c9c1ceb86c333/cryptography-46.0.7-cp314-cp314t-manylinux_2_34_aarch64.whl", hash = "sha256:80406c3065e2c55d7f49a9550fe0c49b3f12e5bfff5dedb727e319e1afb9bf99", size = 4270942, upload-time = "2026-04-08T01:56:56.416Z" },
    { url = "https://files.pythonhosted.org/packages/41/3d/fe14df95a83319af25717677e956567a105bb6ab25641acaa093db79975d/cryptography-46.0.7-cp314-cp314t-manylinux_2_34_ppc64le.whl", hash = "sha256:c5b1ccd1239f48b7151a65bc6dd54bcfcc15e028c8ac126d3fada09db0e07ef1", size = 4871079, upload-time = "2026-04-08T01:56:58.31Z" },
    { url = "https://files.pythonhosted.org/packages/9c/59/4a479e0f36f8f378d397f4eab4c850b4ffb79a2f0d58704b8fa0703ddc11/cryptography-46.0.7-cp314-cp314t-manylinux_2_34_x86_64.whl", hash = "sha256:d5f7520159cd9c2154eb61eb67548ca05c5774d39e9c2c4339fd793fe7d097b2", size = 4443999, upload-time = "2026-04-08T01:57:00.508Z" },
    { url = "https://files.pythonhosted.org/packages/28/17/b59a741645822ec6d04732b43c5d35e4ef58be7bfa84a81e5ae6f05a1d33/cryptography-46.0.7-cp314-cp314t-musllinux_1_2_aarch64.whl", hash = "sha256:fcd8eac50d9138c1d7fc53a653ba60a2bee81a505f9f8850b6b2888555a45d0e", size = 4399191, upload-time = "2026-04-08T01:57:02.654Z" },
    { url = "https://files.pythonhosted.org/packages/59/6a/bb2e166d6d0e0955f1e9ff70f10ec4b2824c9cfcdb4da772c7dd69cc7d80/cryptography-46.0.7-cp314-cp314t-musllinux_1_2_x86_64.whl", hash = "sha256:65814c60f8cc400c63131584e3e1fad01235edba2614b61fbfbfa954082db0ee", size = 4655782, upload-time = "2026-04-08T01:57:04.592Z" },
    { url = "https://files.pythonhosted.org/packages/95/b6/3da51d48415bcb63b00dc17c2eff3a651b7c4fed484308d0f19b30e8cb2c/cryptography-46.0.7-cp314-cp314t-win32.whl", hash = "sha256:fdd1736fed309b4300346f88f74cd120c27c56852c3838cab416e7a166f67298", size = 3002227, upload-time = "2026-04-08T01:57:06.91Z" },
    { url = "https://files.pythonhosted.org/packages/32/a8/9f0e4ed57ec9cebe506e58db11ae472972ecb0c659e4d52bbaee80ca340a/cryptography-46.0.7-cp314-cp314t-win_amd64.whl", hash = "sha256:e06acf3c99be55aa3b516397fe42f5855597f430add9c17fa46bf2e0fb34c9bb", size = 3475332, upload-time = "2026-04-08T01:57:08.807Z" },
    { url = "https://files.pythonhosted.org/packages/a7/7f/cd42fc3614386bc0c12f0cb3c4ae1fc2bbca5c9662dfed031514911d513d/cryptography-46.0.7-cp38-abi3-macosx_10_9_universal2.whl", hash = "sha256:462ad5cb1c148a22b2e3bcc5ad52504dff325d17daf5df8d88c17dda1f75f2a4", size = 7165618, upload-time = "2026-04-08T01:57:10.645Z" },
    { url = "https://files.pythonhosted.org/packages/a5/d0/36a49f0262d2319139d2829f773f1b97ef8aef7f97e6e5bd21455e5a8fb5/cryptography-46.0.7-cp38-abi3-manylinux2014_aarch64.manylinux_2_17_aarch64.whl", hash = "sha256:84d4cced91f0f159a7ddacad249cc077e63195c36aac40b4150e7a57e84fffe7", size = 4270628, upload-time = "2026-04-08T01:57:12.885Z" },
    { url = "https://files.pythonhosted.org/packages/8a/6c/1a42450f464dda6ffbe578a911f773e54dd48c10f9895a23a7e88b3e7db5/cryptography-46.0.7-cp38-abi3-manylinux2014_x86_64.manylinux_2_17_x86_64.whl", hash = "sha256:128c5edfe5e5938b86b03941e94fac9ee793a94452ad1365c9fc3f4f62216832", size = 4415405, upload-time = "2026-04-08T01:57:14.923Z" },
    { url = "https://files.pythonhosted.org/packages/9a/92/4ed714dbe93a066dc1f4b4581a464d2d7dbec9046f7c8b7016f5286329e2/cryptography-46.0.7-cp38-abi3-manylinux_2_28_aarch64.whl", hash = "sha256:5e51be372b26ef4ba3de3c167cd3d1022934bc838ae9eaad7e644986d2a3d163", size = 4272715, upload-time = "2026-04-08T01:57:16.638Z" },
    { url = "https://files.pythonhosted.org/packages/b7/e6/a26b84096eddd51494bba19111f8fffe976f6a09f132706f8f1bf03f51f7/cryptography-46.0.7-cp38-abi3-manylinux_2_28_ppc64le.whl", hash = "sha256:cdf1a610ef82abb396451862739e3fc93b071c844399e15b90726ef7470eeaf2", size = 4918400, upload-time = "2026-04-08T01:57:19.021Z" },
    { url = "https://files.pythonhosted.org/packages/c7/08/ffd537b605568a148543ac3c2b239708ae0bd635064bab41359252ef88ed/cryptography-46.0.7-cp38-abi3-manylinux_2_28_x86_64.whl", hash = "sha256:1d25aee46d0c6f1a501adcddb2d2fee4b979381346a78558ed13e50aa8a59067", size = 4450634, upload-time = "2026-04-08T01:57:21.185Z" },
    { url = "https://files.pythonhosted.org/packages/16/01/0cd51dd86ab5b9befe0d031e276510491976c3a80e9f6e31810cce46c4ad/cryptography-46.0.7-cp38-abi3-manylinux_2_31_armv7l.whl", hash = "sha256:cdfbe22376065ffcf8be74dc9a909f032df19bc58a699456a21712d6e5eabfd0", size = 3985233, upload-time = "2026-04-08T01:57:22.862Z" },
    { url = "https://files.pythonhosted.org/packages/92/49/819d6ed3a7d9349c2939f81b500a738cb733ab62fbecdbc1e38e83d45e12/cryptography-46.0.7-cp38-abi3-manylinux_2_34_aarch64.whl", hash = "sha256:abad9dac36cbf55de6eb49badd4016806b3165d396f64925bf2999bcb67837ba", size = 4271955, upload-time = "2026-04-08T01:57:24.814Z" },
    { url = "https://files.pythonhosted.org/packages/80/07/ad9b3c56ebb95ed2473d46df0847357e01583f4c52a85754d1a55e29e4d0/cryptography-46.0.7-cp38-abi3-manylinux_2_34_ppc64le.whl", hash = "sha256:935ce7e3cfdb53e3536119a542b839bb94ec1ad081013e9ab9b7cfd478b05006", size = 4879888, upload-time = "2026-04-08T01:57:26.88Z" },
    { url = "https://files.pythonhosted.org/packages/b8/c7/201d3d58f30c4c2bdbe9b03844c291feb77c20511cc3586daf7edc12a47b/cryptography-46.0.7-cp38-abi3-manylinux_2_34_x86_64.whl", hash = "sha256:35719dc79d4730d30f1c2b6474bd6acda36ae2dfae1e3c16f2051f215df33ce0", size = 4449961, upload-time = "2026-04-08T01:57:29.068Z" },
    { url = "https://files.pythonhosted.org/packages/a5/ef/649750cbf96f3033c3c976e112265c33906f8e462291a33d77f90356548c/cryptography-46.0.7-cp38-abi3-musllinux_1_2_aarch64.whl", hash = "sha256:7bbc6ccf49d05ac8f7d7b5e2e2c33830d4fe2061def88210a126d130d7f71a85", size = 4401696, upload-time = "2026-04-08T01:57:31.029Z" },
    { url = "https://files.pythonhosted.org/packages/41/52/a8908dcb1a389a459a29008c29966c1d552588d4ae6d43f3a1a4512e0ebe/cryptography-46.0.7-cp38-abi3-musllinux_1_2_x86_64.whl", hash = "sha256:a1529d614f44b863a7b480c6d000fe93b59acee9c82ffa027cfadc77521a9f5e", size = 4664256, upload-time = "2026-04-08T01:57:33.144Z" },
    { url = "https://files.pythonhosted.org/packages/4b/fa/f0ab06238e899cc3fb332623f337a7364f36f4bb3f2534c2bb95a35b132c/cryptography-46.0.7-cp38-abi3-win32.whl", hash = "sha256:f247c8c1a1fb45e12586afbb436ef21ff1e80670b2861a90353d9b025583d246", size = 3013001, upload-time = "2026-04-08T01:57:34.933Z" },
    { url = "https://files.pythonhosted.org/packages/d2/f1/00ce3bde3ca542d1acd8f8cfa38e446840945aa6363f9b74746394b14127/cryptography-46.0.7-cp38-abi3-win_amd64.whl", hash = "sha256:506c4ff91eff4f82bdac7633318a526b1d1309fc07ca76a3ad182cb5b686d6d3", size = 3472985, upload-time = "2026-04-08T01:57:36.714Z" },
]

[[package]]
name = "hidapi"
version = "0.15.0"
source = { registry = "https://pypi.org/simple" }
sdist = { url = "https://files.pythonhosted.org/packages/74/f6/caad9ed701fbb9223eb9e0b41a5514390769b4cb3084a2704ab69e9df0fe/hidapi-0.15.0.tar.gz", hash = "sha256:ecbc265cbe8b7b88755f421e0ba25f084091ec550c2b90ff9e8ddd4fcd540311", size = 184995, upload-time = "2025-12-09T09:48:54.129Z" }
wheels = [
    { url = "https://files.pythonhosted.org/packages/0a/65/e9c70deb396f5baea92cd2ea7803914a55d455c3982367bae4390483e6cc/hidapi-0.15.0-cp314-cp314-macosx_10_15_x86_64.whl", hash = "sha256:0a6bb079bcd5152dd8968893aecdcbde3954b849896078f54df2254c0d1f301e", size = 69532, upload-time = "2025-12-09T09:45:55.269Z" },
    { url = "https://files.pythonhosted.org/packages/05/eb/d006a7e28ec63b5db76340e4aca6ff077ad336f8fbe64ac804b968927011/hidapi-0.15.0-cp314-cp314-macosx_11_0_arm64.whl", hash = "sha256:d80c745d285dfc9889e856226daa8eee6f9e83025ef2cb97e5fe0b1396f7818a", size = 69350, upload-time = "2025-12-09T09:45:56.695Z" },
    { url = "https://files.pythonhosted.org/packages/52/2b/95e7595eb61982c651ed2b3ecd9bae05a0298b668c801a992e4e814b22f2/hidapi-0.15.0-cp314-cp314-manylinux2014_x86_64.manylinux_2_17_x86_64.whl", hash = "sha256:b0f4411fd479345ca86742d9dda77200476a902749d8e47ed438f31ec98af418", size = 1065210, upload-time = "2025-12-09T09:46:02.484Z" },
    { url = "https://files.pythonhosted.org/packages/c7/a5/0344a7c223c3610510ec7f91f7220b0e5852c92d52aff23377f1c2888880/hidapi-0.15.0-cp314-cp314-manylinux_2_28_aarch64.whl", hash = "sha256:d93f7173dcbec61b928f4cf800bf26535f81ef3b7bd89199237207f6ca7e4f43", size = 1610362, upload-time = "2025-12-09T09:45:58.533Z" },
    { url = "https://files.pythonhosted.org/packages/d9/96/781212cf852705bc1db26edd4340b01b9ce04cadd5d327c00b64f7324978/hidapi-0.15.0-cp314-cp314-manylinux_2_28_i686.whl", hash = "sha256:dacf0b9e5d776fde69b92d68c09ab878a09486629e1fe8e6ae851252b0f33ce5", size = 1680942, upload-time = "2025-12-09T09:46:00.971Z" },
    { url = "https://files.pythonhosted.org/packages/d1/48/6d51a37d3a81355740a82cd265d4fc8485a0a279e4b545cbf790bd106f51/hidapi-0.15.0-cp314-cp314-musllinux_1_2_aarch64.whl", hash = "sha256:bda6ce04a77662e77a4b6b2598211935ca281e1cf663248d54bce75bd684fed8", size = 707550, upload-time = "2025-12-09T09:46:03.993Z" },
    { url = "https://files.pythonhosted.org/packages/86/77/175efa84ecea161c70948dc67b412b7444c2a196e4def8b305cb756077c6/hidapi-0.15.0-cp314-cp314-musllinux_1_2_i686.whl", hash = "sha256:74900b5c7e884e0e4316d4deb746e5dd294b5aaaf90eac056c4f9f19cf2c8097", size = 689865, upload-time = "2025-12-09T09:46:05.976Z" },
    { url = "https://files.pythonhosted.org/packages/7e/29/0e513390a8d686448672fabd30385f9cda6e01663765851d0cef88e6f0b1/hidapi-0.15.0-cp314-cp314-musllinux_1_2_x86_64.whl", hash = "sha256:76236468509dfcb256fa0fbd5a73708c598b3819695b7d08499ae489c82116b6", size = 706809, upload-time = "2025-12-09T09:46:07.309Z" },
    { url = "https://files.pythonhosted.org/packages/a2/d6/c0b9d8568fdb38eebb9caaa56643a81d92cccb5d59a5b44e0d975a0f3808/hidapi-0.15.0-cp314-cp314-win32.whl", hash = "sha256:901c03817306eac7edd589f09e0e07467871b45f665949cc4caa645b54abc97b", size = 61089, upload-time = "2025-12-09T09:46:09.59Z" },
    { url = "https://files.pythonhosted.org/packages/cb/14/3b27516b2867e53545164ebd8ef45d0c36857d2a062036e788e56e2e34ce/hidapi-0.15.0-cp314-cp314-win_amd64.whl", hash = "sha256:df0dd435562654e27ad0c7d045074eb1e1e016b09167dd48a258dec1ce4b9127", size = 67710, upload-time = "2025-12-09T09:46:08.677Z" },
    { url = "https://files.pythonhosted.org/packages/97/8f/ff034661faf99acaabe8954fb7db87c5242c79bf763dd972b23b1be5f104/hidapi-0.15.0-cp314-cp314t-macosx_10_15_x86_64.whl", hash = "sha256:2f16e9ea8a1d24ac7a6bf316905823eafd58f78ec815a93118d4710faf95a224", size = 70893, upload-time = "2025-12-09T09:46:10.625Z" },
    { url = "https://files.pythonhosted.org/packages/d8/44/617666a0919d06521d732ef07998306b8ddcbd96038e19348c831acd76e8/hidapi-0.15.0-cp314-cp314t-macosx_11_0_arm64.whl", hash = "sha256:77f0965ca81a9be44694e84aa18e501d5cda49e372202a38a52d22acc38deadd", size = 71430, upload-time = "2025-12-09T09:46:11.648Z" },
    { url = "https://files.pythonhosted.org/packages/64/64/129aed49fa45b6a5e2fd955618eebe93ff7e3889f05237da6b45051c77bb/hidapi-0.15.0-cp314-cp314t-manylinux2014_x86_64.manylinux_2_17_x86_64.whl", hash = "sha256:541c85b8225ce19b38ceacd404283ca1857345ccfa7ca12f54131203ff2d7f75", size = 1094257, upload-time = "2025-12-09T09:46:17.529Z" },
    { url = "https://files.pythonhosted.org/packages/17/ca/266ca521ff643957823a7f04a67030f6d2917e86e31c60c3d4878cd6b913/hidapi-0.15.0-cp314-cp314t-manylinux_2_28_aarch64.whl", hash = "sha256:89f909a6783307c2f067e8e7948f38ec43386f15d04759d11e5b32e3b2fdf3d8", size = 1663756, upload-time = "2025-12-09T09:46:13.403Z" },
    { url = "https://files.pythonhosted.org/packages/38/de/eb9d0fe6d9ccd2645e993930cc7fdeb6e12ddcdec086f3ef7dec947286ca/hidapi-0.15.0-cp314-cp314t-manylinux_2_28_i686.whl", hash = "sha256:fd32f311633fad21a52e750775cd4ea23da912199c63d1331f4d8ae00ab0874b", size = 1710998, upload-time = "2025-12-09T09:46:15.68Z" },
    { url = "https://files.pythonhosted.org/packages/07/43/e5c0cd80df4a65a468b7a9fc6891ea77435a75e64bb273104c37f12e05b3/hidapi-0.15.0-cp314-cp314t-musllinux_1_2_aarch64.whl", hash = "sha256:8f7ca38699557ab057333f1628a346073ae6088c09897b2cd9fbc68f4896780c", size = 751383, upload-time = "2025-12-09T09:46:19.183Z" },
    { url = "https://files.pythonhosted.org/packages/8c/8f/033e19857bcc3ad1b9880b5c0dfbaa7c945e577b7dee18919c1b2478484d/hidapi-0.15.0-cp314-cp314t-musllinux_1_2_i686.whl", hash = "sha256:1c4e707c82629637a311fa1a7adc1ae1386de7b539e84b4e37125e52e449318d", size = 722837, upload-time = "2025-12-09T09:46:20.707Z" },
    { url = "https://files.pythonhosted.org/packages/ff/f0/2b4e7ff42cdc6a6bf7def0591dfd3854af81038a1925ac1ed7a96578e834/hidapi-0.15.0-cp314-cp314t-musllinux_1_2_x86_64.whl", hash = "sha256:cc99bb16b359023190bf857297f6492a1c8441ccacff66dac881c9e278f5c262", size = 750923, upload-time = "2025-12-09T09:46:23.161Z" },
    { url = "https://files.pythonhosted.org/packages/bd/eb/c0676ff1f7e9ec9d99eaa428c66745cdab5b1742808f0c16061c85bd0b18/hidapi-0.15.0-cp314-cp314t-win32.whl", hash = "sha256:005c84c74c940a314b211674edc763a931ace0b63685ace88148496f563e25f9", size = 66288, upload-time = "2025-12-09T09:46:25.246Z" },
    { url = "https://files.pythonhosted.org/packages/cd/5b/f22dbf886824559d3e66d84710c5fb48c09856e6816885da97f2f51700eb/hidapi-0.15.0-cp314-cp314t-win_amd64.whl", hash = "sha256:e384430363d400c4ffb33fe65f22a61c9f288a870158dc5a9f5c9d917b7250c7", size = 74723, upload-time = "2025-12-09T09:46:24.36Z" },
]

[[package]]
name = "mslex"
version = "1.3.0"
source = { registry = "https://pypi.org/simple" }
sdist = { url = "https://files.pythonhosted.org/packages/e0/97/7022667073c99a0fe028f2e34b9bf76b49a611afd21b02527fbfd92d4cd5/mslex-1.3.0.tar.gz", hash = "sha256:641c887d1d3db610eee2af37a8e5abda3f70b3006cdfd2d0d29dc0d1ae28a85d", size = 11583, upload-time = "2024-10-16T13:16:18.523Z" }
wheels = [
    { url = "https://files.pythonhosted.org/packages/64/f2/66bd65ca0139675a0d7b18f0bada6e12b51a984e41a76dbe44761bf1b3ee/mslex-1.3.0-py3-none-any.whl", hash = "sha256:c7074b347201b3466fc077c5692fbce9b5f62a63a51f537a53fbbd02eff2eea4", size = 7820, upload-time = "2024-10-16T13:16:17.566Z" },
]

[[package]]
name = "oslex"
version = "0.1.3"
source = { registry = "https://pypi.org/simple" }
dependencies = [
    { name = "mslex" },
]
sdist = { url = "https://files.pythonhosted.org/packages/5e/a9/ebd426ee0ca59fb5ba8f0039c53989f4ca475f2dd9583b5719e2fb01602c/oslex-0.1.3.tar.gz", hash = "sha256:1ed4cd82c75df2a8bcb0da34400984183753933155d0c7d999fa533137685f2d", size = 4415, upload-time = "2023-07-17T18:33:20.319Z" }
wheels = [
    { url = "https://files.pythonhosted.org/packages/8a/21/f9d1c6196533d5e43625a71244796d6ec2565318f2d91f6c10ec461222f1/oslex-0.1.3-py3-none-any.whl", hash = "sha256:71acb8a1d42ed78ddd213a1d3a628bbf837f758bd2999c91df7ce57972466bdf", size = 3546, upload-time = "2023-07-17T18:33:18.725Z" },
]

[[package]]
name = "pycparser"
version = "3.0"
source = { registry = "https://pypi.org/simple" }
sdist = { url = "https://files.pythonhosted.org/packages/1b/7d/92392ff7815c21062bea51aa7b87d45576f649f16458d78b7cf94b9ab2e6/pycparser-3.0.tar.gz", hash = "sha256:600f49d217304a5902ac3c37e1281c9fe94e4d0489de643a9504c5cdfdfc6b29", size = 103492, upload-time = "2026-01-21T14:26:51.89Z" }
wheels = [
    { url = "https://files.pythonhosted.org/packages/0c/c3/44f3fbbfa403ea2a7c779186dc20772604442dde72947e7d01069cbe98e3/pycparser-3.0-py3-none-any.whl", hash = "sha256:b727414169a36b7d524c1c3e31839a521725078d7b2ff038656844266160a992", size = 48172, upload-time = "2026-01-21T14:26:50.693Z" },
]

[[package]]
name = "pyserial"
version = "3.5"
source = { registry = "https://pypi.org/simple" }
sdist = { url = "https://files.pythonhosted.org/packages/1e/7d/ae3f0a63f41e4d2f6cb66a5b57197850f919f59e558159a4dd3a818f5082/pyserial-3.5.tar.gz", hash = "sha256:3c77e014170dfffbd816e6ffc205e9842efb10be9f58ec16d3e8675b4925cddb", size = 159125, upload-time = "2020-11-23T03:59:15.045Z" }
wheels = [
    { url = "https://files.pythonhosted.org/packages/07/bc/587a445451b253b285629263eb51c2d8e9bcea4fc97826266d186f96f558/pyserial-3.5-py2.py3-none-any.whl", hash = "sha256:c4451db6ba391ca6ca299fb3ec7bae67a5c55dde170964c7a14ceefec02f2cf0", size = 90585, upload-time = "2020-11-23T03:59:13.41Z" },
]

[[package]]
name = "ufbt"
version = "0.2.6"
source = { registry = "https://pypi.org/simple" }
dependencies = [
    { name = "oslex" },
]
sdist = { url = "https://files.pythonhosted.org/packages/59/3b/013525f91836171870c49a53db8d2f772b5d32e682c0d25d0d0481c9bb51/ufbt-0.2.6.tar.gz", hash = "sha256:4f1a858858598ed2e25bbab69e2ea604bc00758c3b1e8ecf897a29866157363b", size = 26892, upload-time = "2024-07-11T23:04:26.984Z" }
wheels = [
    { url = "https://files.pythonhosted.org/packages/b0/d3/54c1427c9f4473f33e4b4b54ce0c0854ac96de57b6e059a23a9ba3a7dff6/ufbt-0.2.6-py3-none-any.whl", hash = "sha256:ee3b5788b4034694aea594fd44777eab4049968d94c5f39ad93df8b05d8c8849", size = 25807, upload-time = "2024-07-11T23:04:25.328Z" },
]

[[package]]
name = "zerofido"
version = "0.7.0"
source = { virtual = "." }
dependencies = [
    { name = "cbor2" },
    { name = "cryptography" },
    { name = "hidapi" },
    { name = "pyserial" },
    { name = "ufbt" },
]

[package.metadata]
requires-dist = [
    { name = "cbor2", specifier = ">=5.6.5" },
    { name = "cryptography", specifier = ">=44.0.2" },
    { name = "hidapi", specifier = ">=0.15.0" },
    { name = "pyserial", specifier = ">=3.5" },
    { name = "ufbt", specifier = ">=0.2.6" },
]
